
Microsoft Visual Studio Solution File, Format Version 12.00
# Visual Studio Version 17
VisualStudioVersion = 17.11.35327.3
MinimumVisualStudioVersion = 10.0.40219.1
Project("{8BC9CEB8-8B4A-11D0-8D11-00A0C91BC942}") = "MpiHomework", "MpiHomework.vcxproj", "{A472960B-0FB6-432C-B836-6CCCF8E8BA53}"
EndProject
Global
	GlobalSection(SolutionConfigurationPlatforms) = preSolution
		Debug|x64 = Debug|x64
		Debug|x86 = Debug|x86
		Release|x64 = Release|x64
		Release|x86 = Release|x86
	EndGlobalSection
	GlobalSection(ProjectConfigurationPlatforms) = postSolution
		{A472960B-0FB6-432C-B836-6CCCF8E8BA53}.Debug|x64.ActiveCfg = Debug|x64
		{A472960B-0FB6-432C-B836-6CCCF8E8BA53}.Debug|x64.Build.0 = Debug|x64
		{A472960B-0FB6-432C-B836-6CCCF8E8BA53}.Debug|x86.ActiveCfg = Debug|Win32
		{A472960B-0FB6-432C-B836-6CCCF8E8BA53}.Debug|x86.Build.0 = Debug|Win32
		{A472960B-0FB6-432C-B836-6CCCF8E8BA53}.Release|x64.ActiveCfg = Release|x64
		{A472960B-0FB6-432C-B836-6CCCF8E8BA53}.Release|x64.Build.0 = Release|x64
		{A472960B-0FB6-432C-B836-6CCCF8E8BA53}.Release|x86.ActiveCfg = Release|Win32
		{A472960B-0FB6-432C-B836-6CCCF8E8BA53}.Release|x86.Build.0 = Release|Win32
	EndGlobalSection
	GlobalSection(SolutionProperties) = preSolution
		HideSolutionNode = FALSE
	EndGlobalSection
	GlobalSection(ExtensibilityGlobals) = postSolution
		SolutionGuid = {C2114566-8971-4B30-8D55-43C54A6E4DF0}
	EndGlobalSection
EndGlobal
